
Microsoft Visual Studio Solution File, Format Version 12.00
# Visual Studio 15
VisualStudioVersion = 15.0.28307.1169
MinimumVisualStudioVersion = 10.0.40219.1
Project("{888888A0-9F3D-457C-B088-3A5042F75D52}") = "HunterCore", "HunterCore.pyproj", "{06994D95-B88D-439C-91C8-0C61B75C54C0}"
EndProject
Project("{888888A0-9F3D-457C-B088-3A5042F75D52}") = "Searcher", "..\Searcher\Searcher\Searcher.pyproj", "{8E0FFA10-7B94-4A81-AD73-7C9413714BFA}"
EndProject
Global
	GlobalSection(SolutionConfigurationPlatforms) = preSolution
		Debug|Any CPU = Debug|Any CPU
		Release|Any CPU = Release|Any CPU
	EndGlobalSection
	GlobalSection(ProjectConfigurationPlatforms) = postSolution
		{06994D95-B88D-439C-91C8-0C61B75C54C0}.Debug|Any CPU.ActiveCfg = Debug|Any CPU
		{06994D95-B88D-439C-91C8-0C61B75C54C0}.Release|Any CPU.ActiveCfg = Release|Any CPU
		{8E0FFA10-7B94-4A81-AD73-7C9413714BFA}.Debug|Any CPU.ActiveCfg = Debug|Any CPU
		{8E0FFA10-7B94-4A81-AD73-7C9413714BFA}.Release|Any CPU.ActiveCfg = Release|Any CPU
	EndGlobalSection
	GlobalSection(SolutionProperties) = preSolution
		HideSolutionNode = FALSE
	EndGlobalSection
	GlobalSection(ExtensibilityGlobals) = postSolution
		SolutionGuid = {C3F5A42A-A14E-470E-A63F-5E3241E943F5}
	EndGlobalSection
EndGlobal
